{
    "_meta": {
        "hash": {
            "sha256": "163e12b9380d314cfe85925c65fed737620de89236fd3a014f99b14ba9c4e684"
        },
        "pipfile-spec": 6,
        "requires": {
            "python_full_version": "3.10.12",
            "python_version": "3.10"
        },
        "sources": [
            {
                "name": "pypi",
                "url": "https://pypi.org/simple",
                "verify_ssl": true
            }
        ]
    },
    "default": {
        "wand": {
            "hashes": [
                "sha256:e5dda0ac2204a40c29ef5c4cb310770c95d3d05c37b1379e69c94ea79d7d19c0",
                "sha256:f5013484eaf7a20eb22d1821aaefe60b50cc329722372b5f8565d46d4aaafcca"
            ],
            "index": "pypi",
            "version": "==0.6.13"
        }
    },
    "develop": {}
}
